
Microsoft Visual Studio Solution File, Format Version 12.00
# Visual Studio Version 17
VisualStudioVersion = 17.9.34622.214
MinimumVisualStudioVersion = 10.0.40219.1
Project("{2150E333-8FDC-42A3-9474-1A3956D46DE8}") = "src", "src", "{FFA41125-E0E1-4CB0-863F-A45CEE14046C}"
EndProject
Project("{2150E333-8FDC-42A3-9474-1A3956D46DE8}") = "test", "test", "{32D28490-4699-4497-B9F6-7808A813EB51}"
EndProject
Project("{2150E333-8FDC-42A3-9474-1A3956D46DE8}") = "Core", "Core", "{A1343B8F-32E6-4F9A-9521-8784D01083A5}"
EndProject
Project("{2150E333-8FDC-42A3-9474-1A3956D46DE8}") = "Infrastructure", "Infrastructure", "{44EA3734-492B-4AF0-84A5-0DE5E1EC2B35}"
EndProject
Project("{2150E333-8FDC-42A3-9474-1A3956D46DE8}") = "Presentation", "Presentation", "{6177EF14-8733-4FFD-AD10-BD2EF5F3D5EA}"
EndProject
Project("{FAE04EC0-301F-11D3-BF4B-00C04F79EFBC}") = "ecommerce.Domain", "src\Core\ecommerce.Domain\ecommerce.Domain.csproj", "{50357F66-9FD0-431D-9C2B-8178187C7677}"
EndProject
Project("{FAE04EC0-301F-11D3-BF4B-00C04F79EFBC}") = "ecommerce.Application", "src\Core\ecommerce.Application\ecommerce.Application.csproj", "{C0138C1A-67D4-4467-A14D-0C0ADA5AE98F}"
EndProject
Project("{FAE04EC0-301F-11D3-BF4B-00C04F79EFBC}") = "ecommerce.Infrastructure", "src\Infrastructure\ecommerce.Infrastructure\ecommerce.Infrastructure.csproj", "{29D4514B-AB25-4807-949A-30984122D1CF}"
EndProject
Project("{FAE04EC0-301F-11D3-BF4B-00C04F79EFBC}") = "ecommerce.Persistence", "src\Infrastructure\ecommerce.Persistence\ecommerce.Persistence.csproj", "{6300910A-8764-4775-96FD-406C66A101AB}"
EndProject
Project("{FAE04EC0-301F-11D3-BF4B-00C04F79EFBC}") = "ecommerce.API", "src\Presentation\ecommerce.API\ecommerce.API.csproj", "{B9EFC2DA-F1B1-426D-A982-1116764E13A7}"
EndProject
Global
	GlobalSection(SolutionConfigurationPlatforms) = preSolution
		Debug|Any CPU = Debug|Any CPU
		Release|Any CPU = Release|Any CPU
	EndGlobalSection
	GlobalSection(ProjectConfigurationPlatforms) = postSolution
		{50357F66-9FD0-431D-9C2B-8178187C7677}.Debug|Any CPU.ActiveCfg = Debug|Any CPU
		{50357F66-9FD0-431D-9C2B-8178187C7677}.Debug|Any CPU.Build.0 = Debug|Any CPU
		{50357F66-9FD0-431D-9C2B-8178187C7677}.Release|Any CPU.ActiveCfg = Release|Any CPU
		{50357F66-9FD0-431D-9C2B-8178187C7677}.Release|Any CPU.Build.0 = Release|Any CPU
		{C0138C1A-67D4-4467-A14D-0C0ADA5AE98F}.Debug|Any CPU.ActiveCfg = Debug|Any CPU
		{C0138C1A-67D4-4467-A14D-0C0ADA5AE98F}.Debug|Any CPU.Build.0 = Debug|Any CPU
		{C0138C1A-67D4-4467-A14D-0C0ADA5AE98F}.Release|Any CPU.ActiveCfg = Release|Any CPU
		{C0138C1A-67D4-4467-A14D-0C0ADA5AE98F}.Release|Any CPU.Build.0 = Release|Any CPU
		{29D4514B-AB25-4807-949A-30984122D1CF}.Debug|Any CPU.ActiveCfg = Debug|Any CPU
		{29D4514B-AB25-4807-949A-30984122D1CF}.Debug|Any CPU.Build.0 = Debug|Any CPU
		{29D4514B-AB25-4807-949A-30984122D1CF}.Release|Any CPU.ActiveCfg = Release|Any CPU
		{29D4514B-AB25-4807-949A-30984122D1CF}.Release|Any CPU.Build.0 = Release|Any CPU
		{6300910A-8764-4775-96FD-406C66A101AB}.Debug|Any CPU.ActiveCfg = Debug|Any CPU
		{6300910A-8764-4775-96FD-406C66A101AB}.Debug|Any CPU.Build.0 = Debug|Any CPU
		{6300910A-8764-4775-96FD-406C66A101AB}.Release|Any CPU.ActiveCfg = Release|Any CPU
		{6300910A-8764-4775-96FD-406C66A101AB}.Release|Any CPU.Build.0 = Release|Any CPU
		{B9EFC2DA-F1B1-426D-A982-1116764E13A7}.Debug|Any CPU.ActiveCfg = Debug|Any CPU
		{B9EFC2DA-F1B1-426D-A982-1116764E13A7}.Debug|Any CPU.Build.0 = Debug|Any CPU
		{B9EFC2DA-F1B1-426D-A982-1116764E13A7}.Release|Any CPU.ActiveCfg = Release|Any CPU
		{B9EFC2DA-F1B1-426D-A982-1116764E13A7}.Release|Any CPU.Build.0 = Release|Any CPU
	EndGlobalSection
	GlobalSection(SolutionProperties) = preSolution
		HideSolutionNode = FALSE
	EndGlobalSection
	GlobalSection(NestedProjects) = preSolution
		{A1343B8F-32E6-4F9A-9521-8784D01083A5} = {FFA41125-E0E1-4CB0-863F-A45CEE14046C}
		{44EA3734-492B-4AF0-84A5-0DE5E1EC2B35} = {FFA41125-E0E1-4CB0-863F-A45CEE14046C}
		{6177EF14-8733-4FFD-AD10-BD2EF5F3D5EA} = {FFA41125-E0E1-4CB0-863F-A45CEE14046C}
		{50357F66-9FD0-431D-9C2B-8178187C7677} = {A1343B8F-32E6-4F9A-9521-8784D01083A5}
		{C0138C1A-67D4-4467-A14D-0C0ADA5AE98F} = {A1343B8F-32E6-4F9A-9521-8784D01083A5}
		{29D4514B-AB25-4807-949A-30984122D1CF} = {44EA3734-492B-4AF0-84A5-0DE5E1EC2B35}
		{6300910A-8764-4775-96FD-406C66A101AB} = {44EA3734-492B-4AF0-84A5-0DE5E1EC2B35}
		{B9EFC2DA-F1B1-426D-A982-1116764E13A7} = {6177EF14-8733-4FFD-AD10-BD2EF5F3D5EA}
	EndGlobalSection
	GlobalSection(ExtensibilityGlobals) = postSolution
		SolutionGuid = {FAC33562-80D8-44F1-B072-A31153BB7D9E}
	EndGlobalSection
EndGlobal
